// !$*UTF8*$!
{
	archiveVersion = 1;
	classes = {
	};
	objectVersion = 50;
	objects = {

/* Begin PBXBuildFile section */
		83E2B8C727335AB900B542F0 /* AppDelegate.swift in Sources */ = {isa = PBXBuildFile; fileRef = 83E2B8C627335AB900B542F0 /* AppDelegate.swift */; };
		83E2B8C927335AB900B542F0 /* SceneDelegate.swift in Sources */ = {isa = PBXBuildFile; fileRef = 83E2B8C827335AB900B542F0 /* SceneDelegate.swift */; };
		83E2B8CB27335AB900B542F0 /* MainViewController.swift in Sources */ = {isa = PBXBuildFile; fileRef = 83E2B8CA27335AB900B542F0 /* MainViewController.swift */; };
		83E2B8CE27335AB900B542F0 /* Main.storyboard in Resources */ = {isa = PBXBuildFile; fileRef = 83E2B8CC27335AB900B542F0 /* Main.storyboard */; };
		83E2B8D027335ABB00B542F0 /* Assets.xcassets in Resources */ = {isa = PBXBuildFile; fileRef = 83E2B8CF27335ABB00B542F0 /* Assets.xcassets */; };
		83E2B8D327335ABB00B542F0 /* LaunchScreen.storyboard in Resources */ = {isa = PBXBuildFile; fileRef = 83E2B8D127335ABB00B542F0 /* LaunchScreen.storyboard */; };
		83E2B8DF27335BD600B542F0 /* ViewData.swift in Sources */ = {isa = PBXBuildFile; fileRef = 83E2B8DE27335BD600B542F0 /* ViewData.swift */; };
		83E2B8E127335CB400B542F0 /* MainViewModel.swift in Sources */ = {isa = PBXBuildFile; fileRef = 83E2B8E027335CB400B542F0 /* MainViewModel.swift */; };
		83E2B8E32733656600B542F0 /* TestView + Extensions.swift in Sources */ = {isa = PBXBuildFile; fileRef = 83E2B8E22733656600B542F0 /* TestView + Extensions.swift */; };
		83E2B8E5273365A600B542F0 /* TestView.swift in Sources */ = {isa = PBXBuildFile; fileRef = 83E2B8E4273365A600B542F0 /* TestView.swift */; };
/* End PBXBuildFile section */

/* Begin PBXFileReference section */
		83E2B8C327335AB900B542F0 /* MVVM project.app */ = {isa = PBXFileReference; explicitFileType = wrapper.application; includeInIndex = 0; path = "MVVM project.app"; sourceTree = BUILT_PRODUCTS_DIR; };
		83E2B8C627335AB900B542F0 /* AppDelegate.swift */ = {isa = PBXFileReference; lastKnownFileType = sourcecode.swift; path = AppDelegate.swift; sourceTree = "<group>"; };
		83E2B8C827335AB900B542F0 /* SceneDelegate.swift */ = {isa = PBXFileReference; lastKnownFileType = sourcecode.swift; path = SceneDelegate.swift; sourceTree = "<group>"; };
		83E2B8CA27335AB900B542F0 /* MainViewController.swift */ = {isa = PBXFileReference; lastKnownFileType = sourcecode.swift; path = MainViewController.swift; sourceTree = "<group>"; };
		83E2B8CD27335AB900B542F0 /* Base */ = {isa = PBXFileReference; lastKnownFileType = file.storyboard; name = Base; path = Base.lproj/Main.storyboard; sourceTree = "<group>"; };
		83E2B8CF27335ABB00B542F0 /* Assets.xcassets */ = {isa = PBXFileReference; lastKnownFileType = folder.assetcatalog; path = Assets.xcassets; sourceTree = "<group>"; };
		83E2B8D227335ABB00B542F0 /* Base */ = {isa = PBXFileReference; lastKnownFileType = file.storyboard; name = Base; path = Base.lproj/LaunchScreen.storyboard; sourceTree = "<group>"; };
		83E2B8D427335ABB00B542F0 /* Info.plist */ = {isa = PBXFileReference; lastKnownFileType = text.plist.xml; path = Info.plist; sourceTree = "<group>"; };
		83E2B8DE27335BD600B542F0 /* ViewData.swift */ = {isa = PBXFileReference; lastKnownFileType = sourcecode.swift; path = ViewData.swift; sourceTree = "<group>"; };
		83E2B8E027335CB400B542F0 /* MainViewModel.swift */ = {isa = PBXFileReference; lastKnownFileType = sourcecode.swift; path = MainViewModel.swift; sourceTree = "<group>"; };
		83E2B8E22733656600B542F0 /* TestView + Extensions.swift */ = {isa = PBXFileReference; lastKnownFileType = sourcecode.swift; path = "TestView + Extensions.swift"; sourceTree = "<group>"; };
		83E2B8E4273365A600B542F0 /* TestView.swift */ = {isa = PBXFileReference; lastKnownFileType = sourcecode.swift; path = TestView.swift; sourceTree = "<group>"; };
/* End PBXFileReference section */

/* Begin PBXFrameworksBuildPhase section */
		83E2B8C027335AB900B542F0 /* Frameworks */ = {
			isa = PBXFrameworksBuildPhase;
			buildActionMask = 2147483647;
			files = (
			);
			runOnlyForDeploymentPostprocessing = 0;
		};
/* End PBXFrameworksBuildPhase section */

/* Begin PBXGroup section */
		83E2B8BA27335AB900B542F0 = {
			isa = PBXGroup;
			children = (
				83E2B8C527335AB900B542F0 /* MVVM project */,
				83E2B8C427335AB900B542F0 /* Products */,
			);
			sourceTree = "<group>";
		};
		83E2B8C427335AB900B542F0 /* Products */ = {
			isa = PBXGroup;
			children = (
				83E2B8C327335AB900B542F0 /* MVVM project.app */,
			);
			name = Products;
			sourceTree = "<group>";
		};
		83E2B8C527335AB900B542F0 /* MVVM project */ = {
			isa = PBXGroup;
			children = (
				83E2B8C627335AB900B542F0 /* AppDelegate.swift */,
				83E2B8C827335AB900B542F0 /* SceneDelegate.swift */,
				83E2B8DC27335BA300B542F0 /* MainModule */,
				83E2B8CC27335AB900B542F0 /* Main.storyboard */,
				83E2B8CF27335ABB00B542F0 /* Assets.xcassets */,
				83E2B8D127335ABB00B542F0 /* LaunchScreen.storyboard */,
				83E2B8D427335ABB00B542F0 /* Info.plist */,
			);
			path = "MVVM project";
			sourceTree = "<group>";
		};
		83E2B8DA27335B7A00B542F0 /* View */ = {
			isa = PBXGroup;
			children = (
				83E2B8CA27335AB900B542F0 /* MainViewController.swift */,
				83E2B8E22733656600B542F0 /* TestView + Extensions.swift */,
				83E2B8E4273365A600B542F0 /* TestView.swift */,
			);
			path = View;
			sourceTree = "<group>";
		};
		83E2B8DB27335B8900B542F0 /* Model */ = {
			isa = PBXGroup;
			children = (
				83E2B8DE27335BD600B542F0 /* ViewData.swift */,
			);
			path = Model;
			sourceTree = "<group>";
		};
		83E2B8DC27335BA300B542F0 /* MainModule */ = {
			isa = PBXGroup;
			children = (
				83E2B8DD27335BB500B542F0 /* View Model */,
				83E2B8DB27335B8900B542F0 /* Model */,
				83E2B8DA27335B7A00B542F0 /* View */,
			);
			path = MainModule;
			sourceTree = "<group>";
		};
		83E2B8DD27335BB500B542F0 /* View Model */ = {
			isa = PBXGroup;
			children = (
				83E2B8E027335CB400B542F0 /* MainViewModel.swift */,
			);
			path = "View Model";
			sourceTree = "<group>";
		};
/* End PBXGroup section */

/* Begin PBXNativeTarget section */
		83E2B8C227335AB900B542F0 /* MVVM project */ = {
			isa = PBXNativeTarget;
			buildConfigurationList = 83E2B8D727335ABB00B542F0 /* Build configuration list for PBXNativeTarget "MVVM project" */;
			buildPhases = (
				83E2B8BF27335AB900B542F0 /* Sources */,
				83E2B8C027335AB900B542F0 /* Frameworks */,
				83E2B8C127335AB900B542F0 /* Resources */,
			);
			buildRules = (
			);
			dependencies = (
			);
			name = "MVVM project";
			productName = "MVVM project";
			productReference = 83E2B8C327335AB900B542F0 /* MVVM project.app */;
			productType = "com.apple.product-type.application";
		};
/* End PBXNativeTarget section */

/* Begin PBXProject section */
		83E2B8BB27335AB900B542F0 /* Project object */ = {
			isa = PBXProject;
			attributes = {
				LastSwiftUpdateCheck = 1250;
				LastUpgradeCheck = 1250;
				TargetAttributes = {
					83E2B8C227335AB900B542F0 = {
						CreatedOnToolsVersion = 12.5.1;
					};
				};
			};
			buildConfigurationList = 83E2B8BE27335AB900B542F0 /* Build configuration list for PBXProject "MVVM callbacks project" */;
			compatibilityVersion = "Xcode 9.3";
			developmentRegion = en;
			hasScannedForEncodings = 0;
			knownRegions = (
				en,
				Base,
			);
			mainGroup = 83E2B8BA27335AB900B542F0;
			productRefGroup = 83E2B8C427335AB900B542F0 /* Products */;
			projectDirPath = "";
			projectRoot = "";
			targets = (
				83E2B8C227335AB900B542F0 /* MVVM project */,
			);
		};
/* End PBXProject section */

/* Begin PBXResourcesBuildPhase section */
		83E2B8C127335AB900B542F0 /* Resources */ = {
			isa = PBXResourcesBuildPhase;
			buildActionMask = 2147483647;
			files = (
				83E2B8D327335ABB00B542F0 /* LaunchScreen.storyboard in Resources */,
				83E2B8D027335ABB00B542F0 /* Assets.xcassets in Resources */,
				83E2B8CE27335AB900B542F0 /* Main.storyboard in Resources */,
			);
			runOnlyForDeploymentPostprocessing = 0;
		};
/* End PBXResourcesBuildPhase section */

/* Begin PBXSourcesBuildPhase section */
		83E2B8BF27335AB900B542F0 /* Sources */ = {
			isa = PBXSourcesBuildPhase;
			buildActionMask = 2147483647;
			files = (
				83E2B8E5273365A600B542F0 /* TestView.swift in Sources */,
				83E2B8E32733656600B542F0 /* TestView + Extensions.swift in Sources */,
				83E2B8E127335CB400B542F0 /* MainViewModel.swift in Sources */,
				83E2B8CB27335AB900B542F0 /* MainViewController.swift in Sources */,
				83E2B8C727335AB900B542F0 /* AppDelegate.swift in Sources */,
				83E2B8DF27335BD600B542F0 /* ViewData.swift in Sources */,
				83E2B8C927335AB900B542F0 /* SceneDelegate.swift in Sources */,
			);
			runOnlyForDeploymentPostprocessing = 0;
		};
/* End PBXSourcesBuildPhase section */

/* Begin PBXVariantGroup section */
		83E2B8CC27335AB900B542F0 /* Main.storyboard */ = {
			isa = PBXVariantGroup;
			children = (
				83E2B8CD27335AB900B542F0 /* Base */,
			);
			name = Main.storyboard;
			sourceTree = "<group>";
		};
		83E2B8D127335ABB00B542F0 /* LaunchScreen.storyboard */ = {
			isa = PBXVariantGroup;
			children = (
				83E2B8D227335ABB00B542F0 /* Base */,
			);
			name = LaunchScreen.storyboard;
			sourceTree = "<group>";
		};
/* End PBXVariantGroup section */

/* Begin XCBuildConfiguration section */
		83E2B8D527335ABB00B542F0 /* Debug */ = {
			isa = XCBuildConfiguration;
			buildSettings = {
				ALWAYS_SEARCH_USER_PATHS = NO;
				CLANG_ANALYZER_NONNULL = YES;
				CLANG_ANALYZER_NUMBER_OBJECT_CONVERSION = YES_AGGRESSIVE;
				CLANG_CXX_LANGUAGE_STANDARD = "gnu++14";
				CLANG_CXX_LIBRARY = "libc++";
				CLANG_ENABLE_MODULES = YES;
				CLANG_ENABLE_OBJC_ARC = YES;
				CLANG_ENABLE_OBJC_WEAK = YES;
				CLANG_WARN_BLOCK_CAPTURE_AUTORELEASING = YES;
				CLANG_WARN_BOOL_CONVERSION = YES;
				CLANG_WARN_COMMA = YES;
				CLANG_WARN_CONSTANT_CONVERSION = YES;
				CLANG_WARN_DEPRECATED_OBJC_IMPLEMENTATIONS = YES;
				CLANG_WARN_DIRECT_OBJC_ISA_USAGE = YES_ERROR;
				CLANG_WARN_DOCUMENTATION_COMMENTS = YES;
				CLANG_WARN_EMPTY_BODY = YES;
				CLANG_WARN_ENUM_CONVERSION = YES;
				CLANG_WARN_INFINITE_RECURSION = YES;
				CLANG_WARN_INT_CONVERSION = YES;
				CLANG_WARN_NON_LITERAL_NULL_CONVERSION = YES;
				CLANG_WARN_OBJC_IMPLICIT_RETAIN_SELF = YES;
				CLANG_WARN_OBJC_LITERAL_CONVERSION = YES;
				CLANG_WARN_OBJC_ROOT_CLASS = YES_ERROR;
				CLANG_WARN_QUOTED_INCLUDE_IN_FRAMEWORK_HEADER = YES;
				CLANG_WARN_RANGE_LOOP_ANALYSIS = YES;
				CLANG_WARN_STRICT_PROTOTYPES = YES;
				CLANG_WARN_SUSPICIOUS_MOVE = YES;
				CLANG_WARN_UNGUARDED_AVAILABILITY = YES_AGGRESSIVE;
				CLANG_WARN_UNREACHABLE_CODE = YES;
				CLANG_WARN__DUPLICATE_METHOD_MATCH = YES;
				COPY_PHASE_STRIP = NO;
				DEBUG_INFORMATION_FORMAT = dwarf;
				ENABLE_STRICT_OBJC_MSGSEND = YES;
				ENABLE_TESTABILITY = YES;
				GCC_C_LANGUAGE_STANDARD = gnu11;
				GCC_DYNAMIC_NO_PIC = NO;
				GCC_NO_COMMON_BLOCKS = YES;
				GCC_OPTIMIZATION_LEVEL = 0;
				GCC_PREPROCESSOR_DEFINITIONS = (
					"DEBUG=1",
					"$(inherited)",
				);
				GCC_WARN_64_TO_32_BIT_CONVERSION = YES;
				GCC_WARN_ABOUT_RETURN_TYPE = YES_ERROR;
				GCC_WARN_UNDECLARED_SELECTOR = YES;
				GCC_WARN_UNINITIALIZED_AUTOS = YES_AGGRESSIVE;
				GCC_WARN_UNUSED_FUNCTION = YES;
				GCC_WARN_UNUSED_VARIABLE = YES;
				IPHONEOS_DEPLOYMENT_TARGET = 14.5;
				MTL_ENABLE_DEBUG_INFO = INCLUDE_SOURCE;
				MTL_FAST_MATH = YES;
				ONLY_ACTIVE_ARCH = YES;
				SDKROOT = iphoneos;
				SWIFT_ACTIVE_COMPILATION_CONDITIONS = DEBUG;
				SWIFT_OPTIMIZATION_LEVEL = "-Onone";
			};
			name = Debug;
		};
		83E2B8D627335ABB00B542F0 /* Release */ = {
			isa = XCBuildConfiguration;
			buildSettings = {
				ALWAYS_SEARCH_USER_PATHS = NO;
				CLANG_ANALYZER_NONNULL = YES;
				CLANG_ANALYZER_NUMBER_OBJECT_CONVERSION = YES_AGGRESSIVE;
				CLANG_CXX_LANGUAGE_STANDARD = "gnu++14";
				CLANG_CXX_LIBRARY = "libc++";
				CLANG_ENABLE_MODULES = YES;
				CLANG_ENABLE_OBJC_ARC = YES;
				CLANG_ENABLE_OBJC_WEAK = YES;
				CLANG_WARN_BLOCK_CAPTURE_AUTORELEASING = YES;
				CLANG_WARN_BOOL_CONVERSION = YES;
				CLANG_WARN_COMMA = YES;
				CLANG_WARN_CONSTANT_CONVERSION = YES;
				CLANG_WARN_DEPRECATED_OBJC_IMPLEMENTATIONS = YES;
				CLANG_WARN_DIRECT_OBJC_ISA_USAGE = YES_ERROR;
				CLANG_WARN_DOCUMENTATION_COMMENTS = YES;
				CLANG_WARN_EMPTY_BODY = YES;
				CLANG_WARN_ENUM_CONVERSION = YES;
				CLANG_WARN_INFINITE_RECURSION = YES;
				CLANG_WARN_INT_CONVERSION = YES;
				CLANG_WARN_NON_LITERAL_NULL_CONVERSION = YES;
				CLANG_WARN_OBJC_IMPLICIT_RETAIN_SELF = YES;
				CLANG_WARN_OBJC_LITERAL_CONVERSION = YES;
				CLANG_WARN_OBJC_ROOT_CLASS = YES_ERROR;
				CLANG_WARN_QUOTED_INCLUDE_IN_FRAMEWORK_HEADER = YES;
				CLANG_WARN_RANGE_LOOP_ANALYSIS = YES;
				CLANG_WARN_STRICT_PROTOTYPES = YES;
				CLANG_WARN_SUSPICIOUS_MOVE = YES;
				CLANG_WARN_UNGUARDED_AVAILABILITY = YES_AGGRESSIVE;
				CLANG_WARN_UNREACHABLE_CODE = YES;
				CLANG_WARN__DUPLICATE_METHOD_MATCH = YES;
				COPY_PHASE_STRIP = NO;
				DEBUG_INFORMATION_FORMAT = "dwarf-with-dsym";
				ENABLE_NS_ASSERTIONS = NO;
				ENABLE_STRICT_OBJC_MSGSEND = YES;
				GCC_C_LANGUAGE_STANDARD = gnu11;
				GCC_NO_COMMON_BLOCKS = YES;
				GCC_WARN_64_TO_32_BIT_CONVERSION = YES;
				GCC_WARN_ABOUT_RETURN_TYPE = YES_ERROR;
				GCC_WARN_UNDECLARED_SELECTOR = YES;
				GCC_WARN_UNINITIALIZED_AUTOS = YES_AGGRESSIVE;
				GCC_WARN_UNUSED_FUNCTION = YES;
				GCC_WARN_UNUSED_VARIABLE = YES;
				IPHONEOS_DEPLOYMENT_TARGET = 14.5;
				MTL_ENABLE_DEBUG_INFO = NO;
				MTL_FAST_MATH = YES;
				SDKROOT = iphoneos;
				SWIFT_COMPILATION_MODE = wholemodule;
				SWIFT_OPTIMIZATION_LEVEL = "-O";
				VALIDATE_PRODUCT = YES;
			};
			name = Release;
		};
		83E2B8D827335ABB00B542F0 /* Debug */ = {
			isa = XCBuildConfiguration;
			buildSettings = {
				ASSETCATALOG_COMPILER_APPICON_NAME = AppIcon;
				ASSETCATALOG_COMPILER_GLOBAL_ACCENT_COLOR_NAME = AccentColor;
				CODE_SIGN_STYLE = Automatic;
				DEVELOPMENT_TEAM = NT3Q29257K;
				INFOPLIST_FILE = "MVVM project/Info.plist";
				LD_RUNPATH_SEARCH_PATHS = (
					"$(inherited)",
					"@executable_path/Frameworks",
				);
				PRODUCT_BUNDLE_IDENTIFIER = "com.designLife.MVVM-project";
				PRODUCT_NAME = "$(TARGET_NAME)";
				SWIFT_VERSION = 5.0;
				TARGETED_DEVICE_FAMILY = "1,2";
			};
			name = Debug;
		};
		83E2B8D927335ABB00B542F0 /* Release */ = {
			isa = XCBuildConfiguration;
			buildSettings = {
				ASSETCATALOG_COMPILER_APPICON_NAME = AppIcon;
				ASSETCATALOG_COMPILER_GLOBAL_ACCENT_COLOR_NAME = AccentColor;
				CODE_SIGN_STYLE = Automatic;
				DEVELOPMENT_TEAM = NT3Q29257K;
				INFOPLIST_FILE = "MVVM project/Info.plist";
				LD_RUNPATH_SEARCH_PATHS = (
					"$(inherited)",
					"@executable_path/Frameworks",
				);
				PRODUCT_BUNDLE_IDENTIFIER = "com.designLife.MVVM-project";
				PRODUCT_NAME = "$(TARGET_NAME)";
				SWIFT_VERSION = 5.0;
				TARGETED_DEVICE_FAMILY = "1,2";
			};
			name = Release;
		};
/* End XCBuildConfiguration section */

/* Begin XCConfigurationList section */
		83E2B8BE27335AB900B542F0 /* Build configuration list for PBXProject "MVVM callbacks project" */ = {
			isa = XCConfigurationList;
			buildConfigurations = (
				83E2B8D527335ABB00B542F0 /* Debug */,
				83E2B8D627335ABB00B542F0 /* Release */,
			);
			defaultConfigurationIsVisible = 0;
			defaultConfigurationName = Release;
		};
		83E2B8D727335ABB00B542F0 /* Build configuration list for PBXNativeTarget "MVVM project" */ = {
			isa = XCConfigurationList;
			buildConfigurations = (
				83E2B8D827335ABB00B542F0 /* Debug */,
				83E2B8D927335ABB00B542F0 /* Release */,
			);
			defaultConfigurationIsVisible = 0;
			defaultConfigurationName = Release;
		};
/* End XCConfigurationList section */
	};
	rootObject = 83E2B8BB27335AB900B542F0 /* Project object */;
}
